
Microsoft Visual Studio Solution File, Format Version 12.00
# Visual Studio Version 17
VisualStudioVersion = 17.5.33516.290
MinimumVisualStudioVersion = 10.0.40219.1
Project("{FAE04EC0-301F-11D3-BF4B-00C04F79EFBC}") = "IS_5", "IS_5.csproj", "{4D29A653-B071-48F6-B172-6DEC950ECCFC}"
EndProject
Global
	GlobalSection(SolutionConfigurationPlatforms) = preSolution
		Debug|Any CPU = Debug|Any CPU
		Release|Any CPU = Release|Any CPU
	EndGlobalSection
	GlobalSection(ProjectConfigurationPlatforms) = postSolution
		{4D29A653-B071-48F6-B172-6DEC950ECCFC}.Debug|Any CPU.ActiveCfg = Debug|Any CPU
		{4D29A653-B071-48F6-B172-6DEC950ECCFC}.Debug|Any CPU.Build.0 = Debug|Any CPU
		{4D29A653-B071-48F6-B172-6DEC950ECCFC}.Release|Any CPU.ActiveCfg = Release|Any CPU
		{4D29A653-B071-48F6-B172-6DEC950ECCFC}.Release|Any CPU.Build.0 = Release|Any CPU
	EndGlobalSection
	GlobalSection(SolutionProperties) = preSolution
		HideSolutionNode = FALSE
	EndGlobalSection
	GlobalSection(ExtensibilityGlobals) = postSolution
		SolutionGuid = {692288E8-2FBD-4FAB-80B8-4DD3CD82400F}
	EndGlobalSection
EndGlobal
